
Microsoft Visual Studio Solution File, Format Version 12.00
# Visual Studio 15
VisualStudioVersion = 15.0.26124.0
MinimumVisualStudioVersion = 15.0.26124.0
Project("{2150E333-8FDC-42A3-9474-1A3956D46DE8}") = "src", "src", "{05D37166-5841-4602-81BF-E955CD869247}"
EndProject
Project("{FAE04EC0-301F-11D3-BF4B-00C04F79EFBC}") = "eKart.api", "eKart.api\eKart.api.csproj", "{E5B24922-63B9-443F-9EB7-55E0B62C53EF}"
EndProject
Global
	GlobalSection(SolutionConfigurationPlatforms) = preSolution
		Debug|Any CPU = Debug|Any CPU
		Debug|x64 = Debug|x64
		Debug|x86 = Debug|x86
		Release|Any CPU = Release|Any CPU
		Release|x64 = Release|x64
		Release|x86 = Release|x86
	EndGlobalSection
	GlobalSection(SolutionProperties) = preSolution
		HideSolutionNode = FALSE
	EndGlobalSection
	GlobalSection(ProjectConfigurationPlatforms) = postSolution
		{E5B24922-63B9-443F-9EB7-55E0B62C53EF}.Debug|Any CPU.ActiveCfg = Debug|Any CPU
		{E5B24922-63B9-443F-9EB7-55E0B62C53EF}.Debug|Any CPU.Build.0 = Debug|Any CPU
		{E5B24922-63B9-443F-9EB7-55E0B62C53EF}.Debug|x64.ActiveCfg = Debug|Any CPU
		{E5B24922-63B9-443F-9EB7-55E0B62C53EF}.Debug|x64.Build.0 = Debug|Any CPU
		{E5B24922-63B9-443F-9EB7-55E0B62C53EF}.Debug|x86.ActiveCfg = Debug|Any CPU
		{E5B24922-63B9-443F-9EB7-55E0B62C53EF}.Debug|x86.Build.0 = Debug|Any CPU
		{E5B24922-63B9-443F-9EB7-55E0B62C53EF}.Release|Any CPU.ActiveCfg = Release|Any CPU
		{E5B24922-63B9-443F-9EB7-55E0B62C53EF}.Release|Any CPU.Build.0 = Release|Any CPU
		{E5B24922-63B9-443F-9EB7-55E0B62C53EF}.Release|x64.ActiveCfg = Release|Any CPU
		{E5B24922-63B9-443F-9EB7-55E0B62C53EF}.Release|x64.Build.0 = Release|Any CPU
		{E5B24922-63B9-443F-9EB7-55E0B62C53EF}.Release|x86.ActiveCfg = Release|Any CPU
		{E5B24922-63B9-443F-9EB7-55E0B62C53EF}.Release|x86.Build.0 = Release|Any CPU
	EndGlobalSection
	GlobalSection(NestedProjects) = preSolution
		{E5B24922-63B9-443F-9EB7-55E0B62C53EF} = {05D37166-5841-4602-81BF-E955CD869247}
	EndGlobalSection
EndGlobal
